
Microsoft Visual Studio Solution File, Format Version 12.00
# Visual Studio Version 17
VisualStudioVersion = 17.3.32929.385
MinimumVisualStudioVersion = 10.0.40219.1
Project("{FAE04EC0-301F-11D3-BF4B-00C04F79EFBC}") = "InfoStore", "InfoStore\InfoStore.csproj", "{41BACBB8-CF50-49CC-8948-A93E9B19670F}"
EndProject
Global
	GlobalSection(SolutionConfigurationPlatforms) = preSolution
		Debug|Any CPU = Debug|Any CPU
		Release|Any CPU = Release|Any CPU
	EndGlobalSection
	GlobalSection(ProjectConfigurationPlatforms) = postSolution
		{41BACBB8-CF50-49CC-8948-A93E9B19670F}.Debug|Any CPU.ActiveCfg = Debug|Any CPU
		{41BACBB8-CF50-49CC-8948-A93E9B19670F}.Debug|Any CPU.Build.0 = Debug|Any CPU
		{41BACBB8-CF50-49CC-8948-A93E9B19670F}.Release|Any CPU.ActiveCfg = Release|Any CPU
		{41BACBB8-CF50-49CC-8948-A93E9B19670F}.Release|Any CPU.Build.0 = Release|Any CPU
	EndGlobalSection
	GlobalSection(SolutionProperties) = preSolution
		HideSolutionNode = FALSE
	EndGlobalSection
	GlobalSection(ExtensibilityGlobals) = postSolution
		SolutionGuid = {27A71C8A-6EBC-4028-9CCF-9AADB659ED33}
	EndGlobalSection
EndGlobal
